// !$*UTF8*$!
{
	archiveVersion = 1;
	classes = {
	};
	objectVersion = 46;
	objects = {

/* Begin PBXBuildFile section */
		A1718FB11EA73D47004033B4 /* AppDelegate.swift in Sources */ = {isa = PBXBuildFile; fileRef = A1718FB01EA73D47004033B4 /* AppDelegate.swift */; };
		A1718FB31EA73D47004033B4 /* ViewController.swift in Sources */ = {isa = PBXBuildFile; fileRef = A1718FB21EA73D47004033B4 /* ViewController.swift */; };
		A1718FB61EA73D47004033B4 /* Main.storyboard in Resources */ = {isa = PBXBuildFile; fileRef = A1718FB41EA73D47004033B4 /* Main.storyboard */; };
		A1718FB81EA73D47004033B4 /* Assets.xcassets in Resources */ = {isa = PBXBuildFile; fileRef = A1718FB71EA73D47004033B4 /* Assets.xcassets */; };
		A1718FBB1EA73D47004033B4 /* LaunchScreen.storyboard in Resources */ = {isa = PBXBuildFile; fileRef = A1718FB91EA73D47004033B4 /* LaunchScreen.storyboard */; };
		A1718FC31EA74588004033B4 /* PublicArt.json in Resources */ = {isa = PBXBuildFile; fileRef = A1718FC21EA74588004033B4 /* PublicArt.json */; };
		A1718FC71EA746B9004033B4 /* Artwork.swift in Sources */ = {isa = PBXBuildFile; fileRef = A1718FC61EA746B9004033B4 /* Artwork.swift */; };
		A1718FC91EA74894004033B4 /* VCMapView.swift in Sources */ = {isa = PBXBuildFile; fileRef = A1718FC81EA74894004033B4 /* VCMapView.swift */; };
		A1718FCB1EA74DFD004033B4 /* JSON.swift in Sources */ = {isa = PBXBuildFile; fileRef = A1718FCA1EA74DFD004033B4 /* JSON.swift */; };
/* End PBXBuildFile section */

/* Begin PBXFileReference section */
		A1718FAD1EA73D47004033B4 /* HonoluluArt.app */ = {isa = PBXFileReference; explicitFileType = wrapper.application; includeInIndex = 0; path = HonoluluArt.app; sourceTree = BUILT_PRODUCTS_DIR; };
		A1718FB01EA73D47004033B4 /* AppDelegate.swift */ = {isa = PBXFileReference; lastKnownFileType = sourcecode.swift; path = AppDelegate.swift; sourceTree = "<group>"; };
		A1718FB21EA73D47004033B4 /* ViewController.swift */ = {isa = PBXFileReference; lastKnownFileType = sourcecode.swift; path = ViewController.swift; sourceTree = "<group>"; };
		A1718FB51EA73D47004033B4 /* Base */ = {isa = PBXFileReference; lastKnownFileType = file.storyboard; name = Base; path = Base.lproj/Main.storyboard; sourceTree = "<group>"; };
		A1718FB71EA73D47004033B4 /* Assets.xcassets */ = {isa = PBXFileReference; lastKnownFileType = folder.assetcatalog; path = Assets.xcassets; sourceTree = "<group>"; };
		A1718FBA1EA73D47004033B4 /* Base */ = {isa = PBXFileReference; lastKnownFileType = file.storyboard; name = Base; path = Base.lproj/LaunchScreen.storyboard; sourceTree = "<group>"; };
		A1718FBC1EA73D47004033B4 /* Info.plist */ = {isa = PBXFileReference; lastKnownFileType = text.plist.xml; path = Info.plist; sourceTree = "<group>"; };
		A1718FC21EA74588004033B4 /* PublicArt.json */ = {isa = PBXFileReference; fileEncoding = 4; lastKnownFileType = text.json; path = PublicArt.json; sourceTree = "<group>"; };
		A1718FC61EA746B9004033B4 /* Artwork.swift */ = {isa = PBXFileReference; fileEncoding = 4; lastKnownFileType = sourcecode.swift; path = Artwork.swift; sourceTree = "<group>"; };
		A1718FC81EA74894004033B4 /* VCMapView.swift */ = {isa = PBXFileReference; fileEncoding = 4; lastKnownFileType = sourcecode.swift; path = VCMapView.swift; sourceTree = "<group>"; };
		A1718FCA1EA74DFD004033B4 /* JSON.swift */ = {isa = PBXFileReference; fileEncoding = 4; lastKnownFileType = sourcecode.swift; path = JSON.swift; sourceTree = "<group>"; };
/* End PBXFileReference section */

/* Begin PBXFrameworksBuildPhase section */
		A1718FAA1EA73D47004033B4 /* Frameworks */ = {
			isa = PBXFrameworksBuildPhase;
			buildActionMask = 2147483647;
			files = (
			);
			runOnlyForDeploymentPostprocessing = 0;
		};
/* End PBXFrameworksBuildPhase section */

/* Begin PBXGroup section */
		A1718FA41EA73D47004033B4 = {
			isa = PBXGroup;
			children = (
				A1718FAF1EA73D47004033B4 /* HonoluluArt */,
				A1718FAE1EA73D47004033B4 /* Products */,
			);
			sourceTree = "<group>";
		};
		A1718FAE1EA73D47004033B4 /* Products */ = {
			isa = PBXGroup;
			children = (
				A1718FAD1EA73D47004033B4 /* HonoluluArt.app */,
			);
			name = Products;
			sourceTree = "<group>";
		};
		A1718FAF1EA73D47004033B4 /* HonoluluArt */ = {
			isa = PBXGroup;
			children = (
				A1718FC21EA74588004033B4 /* PublicArt.json */,
				A1718FB01EA73D47004033B4 /* AppDelegate.swift */,
				A1718FB21EA73D47004033B4 /* ViewController.swift */,
				A1718FCA1EA74DFD004033B4 /* JSON.swift */,
				A1718FB41EA73D47004033B4 /* Main.storyboard */,
				A1718FB71EA73D47004033B4 /* Assets.xcassets */,
				A1718FB91EA73D47004033B4 /* LaunchScreen.storyboard */,
				A1718FBC1EA73D47004033B4 /* Info.plist */,
				A1718FC61EA746B9004033B4 /* Artwork.swift */,
				A1718FC81EA74894004033B4 /* VCMapView.swift */,
			);
			path = HonoluluArt;
			sourceTree = "<group>";
		};
/* End PBXGroup section */

/* Begin PBXNativeTarget section */
		A1718FAC1EA73D47004033B4 /* HonoluluArt */ = {
			isa = PBXNativeTarget;
			buildConfigurationList = A1718FBF1EA73D47004033B4 /* Build configuration list for PBXNativeTarget "HonoluluArt" */;
			buildPhases = (
				A1718FA91EA73D47004033B4 /* Sources */,
				A1718FAA1EA73D47004033B4 /* Frameworks */,
				A1718FAB1EA73D47004033B4 /* Resources */,
			);
			buildRules = (
			);
			dependencies = (
			);
			name = HonoluluArt;
			productName = HonoluluArt;
			productReference = A1718FAD1EA73D47004033B4 /* HonoluluArt.app */;
			productType = "com.apple.product-type.application";
		};
/* End PBXNativeTarget section */

/* Begin PBXProject section */
		A1718FA51EA73D47004033B4 /* Project object */ = {
			isa = PBXProject;
			attributes = {
				LastSwiftUpdateCheck = 0830;
				LastUpgradeCheck = 0830;
				ORGANIZATIONNAME = "Jae Won Yoo";
				TargetAttributes = {
					A1718FAC1EA73D47004033B4 = {
						CreatedOnToolsVersion = 8.3;
						DevelopmentTeam = 5K89RS36D9;
						ProvisioningStyle = Automatic;
					};
				};
			};
			buildConfigurationList = A1718FA81EA73D47004033B4 /* Build configuration list for PBXProject "HonoluluArt" */;
			compatibilityVersion = "Xcode 3.2";
			developmentRegion = English;
			hasScannedForEncodings = 0;
			knownRegions = (
				en,
				Base,
			);
			mainGroup = A1718FA41EA73D47004033B4;
			productRefGroup = A1718FAE1EA73D47004033B4 /* Products */;
			projectDirPath = "";
			projectRoot = "";
			targets = (
				A1718FAC1EA73D47004033B4 /* HonoluluArt */,
			);
		};
/* End PBXProject section */

/* Begin PBXResourcesBuildPhase section */
		A1718FAB1EA73D47004033B4 /* Resources */ = {
			isa = PBXResourcesBuildPhase;
			buildActionMask = 2147483647;
			files = (
				A1718FC31EA74588004033B4 /* PublicArt.json in Resources */,
				A1718FBB1EA73D47004033B4 /* LaunchScreen.storyboard in Resources */,
				A1718FB81EA73D47004033B4 /* Assets.xcassets in Resources */,
				A1718FB61EA73D47004033B4 /* Main.storyboard in Resources */,
			);
			runOnlyForDeploymentPostprocessing = 0;
		};
/* End PBXResourcesBuildPhase section */

/* Begin PBXSourcesBuildPhase section */
		A1718FA91EA73D47004033B4 /* Sources */ = {
			isa = PBXSourcesBuildPhase;
			buildActionMask = 2147483647;
			files = (
				A1718FB31EA73D47004033B4 /* ViewController.swift in Sources */,
				A1718FCB1EA74DFD004033B4 /* JSON.swift in Sources */,
				A1718FC91EA74894004033B4 /* VCMapView.swift in Sources */,
				A1718FC71EA746B9004033B4 /* Artwork.swift in Sources */,
				A1718FB11EA73D47004033B4 /* AppDelegate.swift in Sources */,
			);
			runOnlyForDeploymentPostprocessing = 0;
		};
/* End PBXSourcesBuildPhase section */

/* Begin PBXVariantGroup section */
		A1718FB41EA73D47004033B4 /* Main.storyboard */ = {
			isa = PBXVariantGroup;
			children = (
				A1718FB51EA73D47004033B4 /* Base */,
			);
			name = Main.storyboard;
			sourceTree = "<group>";
		};
		A1718FB91EA73D47004033B4 /* LaunchScreen.storyboard */ = {
			isa = PBXVariantGroup;
			children = (
				A1718FBA1EA73D47004033B4 /* Base */,
			);
			name = LaunchScreen.storyboard;
			sourceTree = "<group>";
		};
/* End PBXVariantGroup section */

/* Begin XCBuildConfiguration section */
		A1718FBD1EA73D47004033B4 /* Debug */ = {
			isa = XCBuildConfiguration;
			buildSettings = {
				ALWAYS_SEARCH_USER_PATHS = NO;
				CLANG_ANALYZER_NONNULL = YES;
				CLANG_ANALYZER_NUMBER_OBJECT_CONVERSION = YES_AGGRESSIVE;
				CLANG_CXX_LANGUAGE_STANDARD = "gnu++0x";
				CLANG_CXX_LIBRARY = "libc++";
				CLANG_ENABLE_MODULES = YES;
				CLANG_ENABLE_OBJC_ARC = YES;
				CLANG_WARN_BOOL_CONVERSION = YES;
				CLANG_WARN_CONSTANT_CONVERSION = YES;
				CLANG_WARN_DIRECT_OBJC_ISA_USAGE = YES_ERROR;
				CLANG_WARN_DOCUMENTATION_COMMENTS = YES;
				CLANG_WARN_EMPTY_BODY = YES;
				CLANG_WARN_ENUM_CONVERSION = YES;
				CLANG_WARN_INFINITE_RECURSION = YES;
				CLANG_WARN_INT_CONVERSION = YES;
				CLANG_WARN_OBJC_ROOT_CLASS = YES_ERROR;
				CLANG_WARN_SUSPICIOUS_MOVE = YES;
				CLANG_WARN_UNREACHABLE_CODE = YES;
				CLANG_WARN__DUPLICATE_METHOD_MATCH = YES;
				"CODE_SIGN_IDENTITY[sdk=iphoneos*]" = "iPhone Developer";
				COPY_PHASE_STRIP = NO;
				DEBUG_INFORMATION_FORMAT = dwarf;
				ENABLE_STRICT_OBJC_MSGSEND = YES;
				ENABLE_TESTABILITY = YES;
				GCC_C_LANGUAGE_STANDARD = gnu99;
				GCC_DYNAMIC_NO_PIC = NO;
				GCC_NO_COMMON_BLOCKS = YES;
				GCC_OPTIMIZATION_LEVEL = 0;
				GCC_PREPROCESSOR_DEFINITIONS = (
					"DEBUG=1",
					"$(inherited)",
				);
				GCC_WARN_64_TO_32_BIT_CONVERSION = YES;
				GCC_WARN_ABOUT_RETURN_TYPE = YES_ERROR;
				GCC_WARN_UNDECLARED_SELECTOR = YES;
				GCC_WARN_UNINITIALIZED_AUTOS = YES_AGGRESSIVE;
				GCC_WARN_UNUSED_FUNCTION = YES;
				GCC_WARN_UNUSED_VARIABLE = YES;
				IPHONEOS_DEPLOYMENT_TARGET = 10.3;
				MTL_ENABLE_DEBUG_INFO = YES;
				ONLY_ACTIVE_ARCH = YES;
				SDKROOT = iphoneos;
				SWIFT_ACTIVE_COMPILATION_CONDITIONS = DEBUG;
				SWIFT_OPTIMIZATION_LEVEL = "-Onone";
			};
			name = Debug;
		};
		A1718FBE1EA73D47004033B4 /* Release */ = {
			isa = XCBuildConfiguration;
			buildSettings = {
				ALWAYS_SEARCH_USER_PATHS = NO;
				CLANG_ANALYZER_NONNULL = YES;
				CLANG_ANALYZER_NUMBER_OBJECT_CONVERSION = YES_AGGRESSIVE;
				CLANG_CXX_LANGUAGE_STANDARD = "gnu++0x";
				CLANG_CXX_LIBRARY = "libc++";
				CLANG_ENABLE_MODULES = YES;
				CLANG_ENABLE_OBJC_ARC = YES;
				CLANG_WARN_BOOL_CONVERSION = YES;
				CLANG_WARN_CONSTANT_CONVERSION = YES;
				CLANG_WARN_DIRECT_OBJC_ISA_USAGE = YES_ERROR;
				CLANG_WARN_DOCUMENTATION_COMMENTS = YES;
				CLANG_WARN_EMPTY_BODY = YES;
				CLANG_WARN_ENUM_CONVERSION = YES;
				CLANG_WARN_INFINITE_RECURSION = YES;
				CLANG_WARN_INT_CONVERSION = YES;
				CLANG_WARN_OBJC_ROOT_CLASS = YES_ERROR;
				CLANG_WARN_SUSPICIOUS_MOVE = YES;
				CLANG_WARN_UNREACHABLE_CODE = YES;
				CLANG_WARN__DUPLICATE_METHOD_MATCH = YES;
				"CODE_SIGN_IDENTITY[sdk=iphoneos*]" = "iPhone Developer";
				COPY_PHASE_STRIP = NO;
				DEBUG_INFORMATION_FORMAT = "dwarf-with-dsym";
				ENABLE_NS_ASSERTIONS = NO;
				ENABLE_STRICT_OBJC_MSGSEND = YES;
				GCC_C_LANGUAGE_STANDARD = gnu99;
				GCC_NO_COMMON_BLOCKS = YES;
				GCC_WARN_64_TO_32_BIT_CONVERSION = YES;
				GCC_WARN_ABOUT_RETURN_TYPE = YES_ERROR;
				GCC_WARN_UNDECLARED_SELECTOR = YES;
				GCC_WARN_UNINITIALIZED_AUTOS = YES_AGGRESSIVE;
				GCC_WARN_UNUSED_FUNCTION = YES;
				GCC_WARN_UNUSED_VARIABLE = YES;
				IPHONEOS_DEPLOYMENT_TARGET = 10.3;
				MTL_ENABLE_DEBUG_INFO = NO;
				SDKROOT = iphoneos;
				SWIFT_OPTIMIZATION_LEVEL = "-Owholemodule";
				VALIDATE_PRODUCT = YES;
			};
			name = Release;
		};
		A1718FC01EA73D47004033B4 /* Debug */ = {
			isa = XCBuildConfiguration;
			buildSettings = {
				ASSETCATALOG_COMPILER_APPICON_NAME = AppIcon;
				DEVELOPMENT_TEAM = 5K89RS36D9;
				INFOPLIST_FILE = HonoluluArt/Info.plist;
				IPHONEOS_DEPLOYMENT_TARGET = 10.2;
				LD_RUNPATH_SEARCH_PATHS = "$(inherited) @executable_path/Frameworks";
				PRODUCT_BUNDLE_IDENTIFIER = kpu.2017class.HonoluluArt;
				PRODUCT_NAME = "$(TARGET_NAME)";
				SWIFT_VERSION = 3.0;
			};
			name = Debug;
		};
		A1718FC11EA73D47004033B4 /* Release */ = {
			isa = XCBuildConfiguration;
			buildSettings = {
				ASSETCATALOG_COMPILER_APPICON_NAME = AppIcon;
				DEVELOPMENT_TEAM = 5K89RS36D9;
				INFOPLIST_FILE = HonoluluArt/Info.plist;
				IPHONEOS_DEPLOYMENT_TARGET = 10.2;
				LD_RUNPATH_SEARCH_PATHS = "$(inherited) @executable_path/Frameworks";
				PRODUCT_BUNDLE_IDENTIFIER = kpu.2017class.HonoluluArt;
				PRODUCT_NAME = "$(TARGET_NAME)";
				SWIFT_VERSION = 3.0;
			};
			name = Release;
		};
/* End XCBuildConfiguration section */

/* Begin XCConfigurationList section */
		A1718FA81EA73D47004033B4 /* Build configuration list for PBXProject "HonoluluArt" */ = {
			isa = XCConfigurationList;
			buildConfigurations = (
				A1718FBD1EA73D47004033B4 /* Debug */,
				A1718FBE1EA73D47004033B4 /* Release */,
			);
			defaultConfigurationIsVisible = 0;
			defaultConfigurationName = Release;
		};
		A1718FBF1EA73D47004033B4 /* Build configuration list for PBXNativeTarget "HonoluluArt" */ = {
			isa = XCConfigurationList;
			buildConfigurations = (
				A1718FC01EA73D47004033B4 /* Debug */,
				A1718FC11EA73D47004033B4 /* Release */,
			);
			defaultConfigurationIsVisible = 0;
		};
/* End XCConfigurationList section */
	};
	rootObject = A1718FA51EA73D47004033B4 /* Project object */;
}
